
Microsoft Visual Studio Solution File, Format Version 12.00
# Visual Studio Version 17
VisualStudioVersion = 17.9.34701.34
MinimumVisualStudioVersion = 10.0.40219.1
Project("{FAE04EC0-301F-11D3-BF4B-00C04F79EFBC}") = "CustomerAPIIntegrationNinaIvanenko.Server", "CustomerAPIIntegrationNinaIvanenko.Server\CustomerAPIIntegrationNinaIvanenko.Server.csproj", "{08B13544-4DC2-4B92-B780-0812E9DBC75D}"
EndProject
Project("{54A90642-561A-4BB1-A94E-469ADEE60C69}") = "customerapiintegrationninaivanenko.client", "customerapiintegrationninaivanenko.client\customerapiintegrationninaivanenko.client.esproj", "{ED630048-B3EE-40BF-B930-3952EBA8D7FB}"
EndProject
Global
	GlobalSection(SolutionConfigurationPlatforms) = preSolution
		Debug|Any CPU = Debug|Any CPU
		Release|Any CPU = Release|Any CPU
	EndGlobalSection
	GlobalSection(ProjectConfigurationPlatforms) = postSolution
		{08B13544-4DC2-4B92-B780-0812E9DBC75D}.Debug|Any CPU.ActiveCfg = Debug|Any CPU
		{08B13544-4DC2-4B92-B780-0812E9DBC75D}.Debug|Any CPU.Build.0 = Debug|Any CPU
		{08B13544-4DC2-4B92-B780-0812E9DBC75D}.Release|Any CPU.ActiveCfg = Release|Any CPU
		{08B13544-4DC2-4B92-B780-0812E9DBC75D}.Release|Any CPU.Build.0 = Release|Any CPU
		{ED630048-B3EE-40BF-B930-3952EBA8D7FB}.Debug|Any CPU.ActiveCfg = Debug|Any CPU
		{ED630048-B3EE-40BF-B930-3952EBA8D7FB}.Debug|Any CPU.Build.0 = Debug|Any CPU
		{ED630048-B3EE-40BF-B930-3952EBA8D7FB}.Debug|Any CPU.Deploy.0 = Debug|Any CPU
		{ED630048-B3EE-40BF-B930-3952EBA8D7FB}.Release|Any CPU.ActiveCfg = Release|Any CPU
		{ED630048-B3EE-40BF-B930-3952EBA8D7FB}.Release|Any CPU.Build.0 = Release|Any CPU
		{ED630048-B3EE-40BF-B930-3952EBA8D7FB}.Release|Any CPU.Deploy.0 = Release|Any CPU
	EndGlobalSection
	GlobalSection(SolutionProperties) = preSolution
		HideSolutionNode = FALSE
	EndGlobalSection
	GlobalSection(ExtensibilityGlobals) = postSolution
		SolutionGuid = {29384FDC-0B90-4143-B842-A93B9A7EADC3}
	EndGlobalSection
EndGlobal
